
Microsoft Visual Studio Solution File, Format Version 12.00
# Visual Studio Version 17
VisualStudioVersion = 17.2.32616.157
MinimumVisualStudioVersion = 10.0.40219.1
Project("{9A19103F-16F7-4668-BE54-9A1E7A4F7556}") = "ShortDev.Uwp.FullTrust", "ShortDev.Uwp.FullTrust\ShortDev.Uwp.FullTrust.csproj", "{B5454F0B-98B7-4639-BDE4-0A0D1E0F5973}"
EndProject
Project("{9A19103F-16F7-4668-BE54-9A1E7A4F7556}") = "ShortDev.Uwp.Compose", "ShortDev.Uwp.Compose\ShortDev.Uwp.Compose.csproj", "{02EA08E9-0FB5-460D-8970-A17D29E2284C}"
EndProject
Project("{9A19103F-16F7-4668-BE54-9A1E7A4F7556}") = "Microsoft.UI.Xaml.Markup", "Microsoft.UI.Xaml.Markup\Microsoft.UI.Xaml.Markup.csproj", "{A139A4E8-B783-4BEA-9F8C-5DE093612359}"
EndProject
Project("{2150E333-8FDC-42A3-9474-1A3956D46DE8}") = "Build", "Build", "{4025EDCC-862C-4684-8E9B-502F05387521}"
	ProjectSection(SolutionItems) = preProject
		Directory.Build.props = Directory.Build.props
	EndProjectSection
EndProject
Project("{9A19103F-16F7-4668-BE54-9A1E7A4F7556}") = "ShortDev.Uwp.Internal", "ShortDev.Uwp.Internal\ShortDev.Uwp.Internal.csproj", "{67DE3CA8-EB4D-4FF4-92BF-AA8E425B22E4}"
EndProject
Project("{9A19103F-16F7-4668-BE54-9A1E7A4F7556}") = "ShortDev.Win32", "ShortDev.Win32\ShortDev.Win32.csproj", "{A4DB89C9-E4E8-44AA-93A2-5117956C4D9E}"
EndProject
Project("{9A19103F-16F7-4668-BE54-9A1E7A4F7556}") = "ShortDev.Uwp.Node", "ShortDev.Uwp.Node\ShortDev.Uwp.Node.csproj", "{F6619B8B-DF38-4300-9EF9-C7F9A84B426F}"
EndProject
Global
	GlobalSection(SolutionConfigurationPlatforms) = preSolution
		Debug|Any CPU = Debug|Any CPU
		Debug|ARM = Debug|ARM
		Debug|ARM64 = Debug|ARM64
		Debug|x64 = Debug|x64
		Debug|x86 = Debug|x86
		Release|Any CPU = Release|Any CPU
		Release|ARM = Release|ARM
		Release|ARM64 = Release|ARM64
		Release|x64 = Release|x64
		Release|x86 = Release|x86
	EndGlobalSection
	GlobalSection(ProjectConfigurationPlatforms) = postSolution
		{B5454F0B-98B7-4639-BDE4-0A0D1E0F5973}.Debug|Any CPU.ActiveCfg = Debug|Any CPU
		{B5454F0B-98B7-4639-BDE4-0A0D1E0F5973}.Debug|Any CPU.Build.0 = Debug|Any CPU
		{B5454F0B-98B7-4639-BDE4-0A0D1E0F5973}.Debug|ARM.ActiveCfg = Debug|Any CPU
		{B5454F0B-98B7-4639-BDE4-0A0D1E0F5973}.Debug|ARM.Build.0 = Debug|Any CPU
		{B5454F0B-98B7-4639-BDE4-0A0D1E0F5973}.Debug|ARM64.ActiveCfg = Debug|Any CPU
		{B5454F0B-98B7-4639-BDE4-0A0D1E0F5973}.Debug|ARM64.Build.0 = Debug|Any CPU
		{B5454F0B-98B7-4639-BDE4-0A0D1E0F5973}.Debug|x64.ActiveCfg = Debug|x64
		{B5454F0B-98B7-4639-BDE4-0A0D1E0F5973}.Debug|x64.Build.0 = Debug|x64
		{B5454F0B-98B7-4639-BDE4-0A0D1E0F5973}.Debug|x86.ActiveCfg = Debug|Any CPU
		{B5454F0B-98B7-4639-BDE4-0A0D1E0F5973}.Debug|x86.Build.0 = Debug|Any CPU
		{B5454F0B-98B7-4639-BDE4-0A0D1E0F5973}.Release|Any CPU.ActiveCfg = Release|Any CPU
		{B5454F0B-98B7-4639-BDE4-0A0D1E0F5973}.Release|Any CPU.Build.0 = Release|Any CPU
		{B5454F0B-98B7-4639-BDE4-0A0D1E0F5973}.Release|ARM.ActiveCfg = Release|Any CPU
		{B5454F0B-98B7-4639-BDE4-0A0D1E0F5973}.Release|ARM.Build.0 = Release|Any CPU
		{B5454F0B-98B7-4639-BDE4-0A0D1E0F5973}.Release|ARM64.ActiveCfg = Release|Any CPU
		{B5454F0B-98B7-4639-BDE4-0A0D1E0F5973}.Release|ARM64.Build.0 = Release|Any CPU
		{B5454F0B-98B7-4639-BDE4-0A0D1E0F5973}.Release|x64.ActiveCfg = Release|Any CPU
		{B5454F0B-98B7-4639-BDE4-0A0D1E0F5973}.Release|x64.Build.0 = Release|Any CPU
		{B5454F0B-98B7-4639-BDE4-0A0D1E0F5973}.Release|x86.ActiveCfg = Release|Any CPU
		{B5454F0B-98B7-4639-BDE4-0A0D1E0F5973}.Release|x86.Build.0 = Release|Any CPU
		{02EA08E9-0FB5-460D-8970-A17D29E2284C}.Debug|Any CPU.ActiveCfg = Debug|Any CPU
		{02EA08E9-0FB5-460D-8970-A17D29E2284C}.Debug|Any CPU.Build.0 = Debug|Any CPU
		{02EA08E9-0FB5-460D-8970-A17D29E2284C}.Debug|ARM.ActiveCfg = Debug|Any CPU
		{02EA08E9-0FB5-460D-8970-A17D29E2284C}.Debug|ARM.Build.0 = Debug|Any CPU
		{02EA08E9-0FB5-460D-8970-A17D29E2284C}.Debug|ARM64.ActiveCfg = Debug|Any CPU
		{02EA08E9-0FB5-460D-8970-A17D29E2284C}.Debug|ARM64.Build.0 = Debug|Any CPU
		{02EA08E9-0FB5-460D-8970-A17D29E2284C}.Debug|x64.ActiveCfg = Debug|x64
		{02EA08E9-0FB5-460D-8970-A17D29E2284C}.Debug|x64.Build.0 = Debug|x64
		{02EA08E9-0FB5-460D-8970-A17D29E2284C}.Debug|x64.Deploy.0 = Debug|x64
		{02EA08E9-0FB5-460D-8970-A17D29E2284C}.Debug|x86.ActiveCfg = Debug|Any CPU
		{02EA08E9-0FB5-460D-8970-A17D29E2284C}.Debug|x86.Build.0 = Debug|Any CPU
		{02EA08E9-0FB5-460D-8970-A17D29E2284C}.Release|Any CPU.ActiveCfg = Release|Any CPU
		{02EA08E9-0FB5-460D-8970-A17D29E2284C}.Release|Any CPU.Build.0 = Release|Any CPU
		{02EA08E9-0FB5-460D-8970-A17D29E2284C}.Release|ARM.ActiveCfg = Release|Any CPU
		{02EA08E9-0FB5-460D-8970-A17D29E2284C}.Release|ARM.Build.0 = Release|Any CPU
		{02EA08E9-0FB5-460D-8970-A17D29E2284C}.Release|ARM64.ActiveCfg = Release|Any CPU
		{02EA08E9-0FB5-460D-8970-A17D29E2284C}.Release|ARM64.Build.0 = Release|Any CPU
		{02EA08E9-0FB5-460D-8970-A17D29E2284C}.Release|x64.ActiveCfg = Release|Any CPU
		{02EA08E9-0FB5-460D-8970-A17D29E2284C}.Release|x64.Build.0 = Release|Any CPU
		{02EA08E9-0FB5-460D-8970-A17D29E2284C}.Release|x86.ActiveCfg = Release|Any CPU
		{02EA08E9-0FB5-460D-8970-A17D29E2284C}.Release|x86.Build.0 = Release|Any CPU
		{A139A4E8-B783-4BEA-9F8C-5DE093612359}.Debug|Any CPU.ActiveCfg = Debug|Any CPU
		{A139A4E8-B783-4BEA-9F8C-5DE093612359}.Debug|Any CPU.Build.0 = Debug|Any CPU
		{A139A4E8-B783-4BEA-9F8C-5DE093612359}.Debug|ARM.ActiveCfg = Debug|Any CPU
		{A139A4E8-B783-4BEA-9F8C-5DE093612359}.Debug|ARM.Build.0 = Debug|Any CPU
		{A139A4E8-B783-4BEA-9F8C-5DE093612359}.Debug|ARM64.ActiveCfg = Debug|Any CPU
		{A139A4E8-B783-4BEA-9F8C-5DE093612359}.Debug|ARM64.Build.0 = Debug|Any CPU
		{A139A4E8-B783-4BEA-9F8C-5DE093612359}.Debug|x64.ActiveCfg = Debug|x64
		{A139A4E8-B783-4BEA-9F8C-5DE093612359}.Debug|x64.Build.0 = Debug|x64
		{A139A4E8-B783-4BEA-9F8C-5DE093612359}.Debug|x86.ActiveCfg = Debug|Any CPU
		{A139A4E8-B783-4BEA-9F8C-5DE093612359}.Debug|x86.Build.0 = Debug|Any CPU
		{A139A4E8-B783-4BEA-9F8C-5DE093612359}.Release|Any CPU.ActiveCfg = Release|Any CPU
		{A139A4E8-B783-4BEA-9F8C-5DE093612359}.Release|Any CPU.Build.0 = Release|Any CPU
		{A139A4E8-B783-4BEA-9F8C-5DE093612359}.Release|ARM.ActiveCfg = Release|Any CPU
		{A139A4E8-B783-4BEA-9F8C-5DE093612359}.Release|ARM.Build.0 = Release|Any CPU
		{A139A4E8-B783-4BEA-9F8C-5DE093612359}.Release|ARM64.ActiveCfg = Release|Any CPU
		{A139A4E8-B783-4BEA-9F8C-5DE093612359}.Release|ARM64.Build.0 = Release|Any CPU
		{A139A4E8-B783-4BEA-9F8C-5DE093612359}.Release|x64.ActiveCfg = Release|Any CPU
		{A139A4E8-B783-4BEA-9F8C-5DE093612359}.Release|x64.Build.0 = Release|Any CPU
		{A139A4E8-B783-4BEA-9F8C-5DE093612359}.Release|x86.ActiveCfg = Release|Any CPU
		{A139A4E8-B783-4BEA-9F8C-5DE093612359}.Release|x86.Build.0 = Release|Any CPU
		{67DE3CA8-EB4D-4FF4-92BF-AA8E425B22E4}.Debug|Any CPU.ActiveCfg = Debug|Any CPU
		{67DE3CA8-EB4D-4FF4-92BF-AA8E425B22E4}.Debug|Any CPU.Build.0 = Debug|Any CPU
		{67DE3CA8-EB4D-4FF4-92BF-AA8E425B22E4}.Debug|ARM.ActiveCfg = Debug|Any CPU
		{67DE3CA8-EB4D-4FF4-92BF-AA8E425B22E4}.Debug|ARM.Build.0 = Debug|Any CPU
		{67DE3CA8-EB4D-4FF4-92BF-AA8E425B22E4}.Debug|ARM64.ActiveCfg = Debug|Any CPU
		{67DE3CA8-EB4D-4FF4-92BF-AA8E425B22E4}.Debug|ARM64.Build.0 = Debug|Any CPU
		{67DE3CA8-EB4D-4FF4-92BF-AA8E425B22E4}.Debug|x64.ActiveCfg = Debug|x64
		{67DE3CA8-EB4D-4FF4-92BF-AA8E425B22E4}.Debug|x64.Build.0 = Debug|x64
		{67DE3CA8-EB4D-4FF4-92BF-AA8E425B22E4}.Debug|x86.ActiveCfg = Debug|Any CPU
		{67DE3CA8-EB4D-4FF4-92BF-AA8E425B22E4}.Debug|x86.Build.0 = Debug|Any CPU
		{67DE3CA8-EB4D-4FF4-92BF-AA8E425B22E4}.Release|Any CPU.ActiveCfg = Release|Any CPU
		{67DE3CA8-EB4D-4FF4-92BF-AA8E425B22E4}.Release|Any CPU.Build.0 = Release|Any CPU
		{67DE3CA8-EB4D-4FF4-92BF-AA8E425B22E4}.Release|ARM.ActiveCfg = Release|Any CPU
		{67DE3CA8-EB4D-4FF4-92BF-AA8E425B22E4}.Release|ARM.Build.0 = Release|Any CPU
		{67DE3CA8-EB4D-4FF4-92BF-AA8E425B22E4}.Release|ARM64.ActiveCfg = Release|Any CPU
		{67DE3CA8-EB4D-4FF4-92BF-AA8E425B22E4}.Release|ARM64.Build.0 = Release|Any CPU
		{67DE3CA8-EB4D-4FF4-92BF-AA8E425B22E4}.Release|x64.ActiveCfg = Release|Any CPU
		{67DE3CA8-EB4D-4FF4-92BF-AA8E425B22E4}.Release|x64.Build.0 = Release|Any CPU
		{67DE3CA8-EB4D-4FF4-92BF-AA8E425B22E4}.Release|x86.ActiveCfg = Release|Any CPU
		{67DE3CA8-EB4D-4FF4-92BF-AA8E425B22E4}.Release|x86.Build.0 = Release|Any CPU
		{A4DB89C9-E4E8-44AA-93A2-5117956C4D9E}.Debug|Any CPU.ActiveCfg = Debug|Any CPU
		{A4DB89C9-E4E8-44AA-93A2-5117956C4D9E}.Debug|Any CPU.Build.0 = Debug|Any CPU
		{A4DB89C9-E4E8-44AA-93A2-5117956C4D9E}.Debug|ARM.ActiveCfg = Debug|Any CPU
		{A4DB89C9-E4E8-44AA-93A2-5117956C4D9E}.Debug|ARM.Build.0 = Debug|Any CPU
		{A4DB89C9-E4E8-44AA-93A2-5117956C4D9E}.Debug|ARM64.ActiveCfg = Debug|Any CPU
		{A4DB89C9-E4E8-44AA-93A2-5117956C4D9E}.Debug|ARM64.Build.0 = Debug|Any CPU
		{A4DB89C9-E4E8-44AA-93A2-5117956C4D9E}.Debug|x64.ActiveCfg = Debug|x64
		{A4DB89C9-E4E8-44AA-93A2-5117956C4D9E}.Debug|x64.Build.0 = Debug|x64
		{A4DB89C9-E4E8-44AA-93A2-5117956C4D9E}.Debug|x86.ActiveCfg = Debug|Any CPU
		{A4DB89C9-E4E8-44AA-93A2-5117956C4D9E}.Debug|x86.Build.0 = Debug|Any CPU
		{A4DB89C9-E4E8-44AA-93A2-5117956C4D9E}.Release|Any CPU.ActiveCfg = Release|Any CPU
		{A4DB89C9-E4E8-44AA-93A2-5117956C4D9E}.Release|Any CPU.Build.0 = Release|Any CPU
		{A4DB89C9-E4E8-44AA-93A2-5117956C4D9E}.Release|ARM.ActiveCfg = Release|Any CPU
		{A4DB89C9-E4E8-44AA-93A2-5117956C4D9E}.Release|ARM.Build.0 = Release|Any CPU
		{A4DB89C9-E4E8-44AA-93A2-5117956C4D9E}.Release|ARM64.ActiveCfg = Release|Any CPU
		{A4DB89C9-E4E8-44AA-93A2-5117956C4D9E}.Release|ARM64.Build.0 = Release|Any CPU
		{A4DB89C9-E4E8-44AA-93A2-5117956C4D9E}.Release|x64.ActiveCfg = Release|Any CPU
		{A4DB89C9-E4E8-44AA-93A2-5117956C4D9E}.Release|x64.Build.0 = Release|Any CPU
		{A4DB89C9-E4E8-44AA-93A2-5117956C4D9E}.Release|x86.ActiveCfg = Release|Any CPU
		{A4DB89C9-E4E8-44AA-93A2-5117956C4D9E}.Release|x86.Build.0 = Release|Any CPU
		{F6619B8B-DF38-4300-9EF9-C7F9A84B426F}.Debug|Any CPU.ActiveCfg = Debug|Any CPU
		{F6619B8B-DF38-4300-9EF9-C7F9A84B426F}.Debug|Any CPU.Build.0 = Debug|Any CPU
		{F6619B8B-DF38-4300-9EF9-C7F9A84B426F}.Debug|ARM.ActiveCfg = Debug|Any CPU
		{F6619B8B-DF38-4300-9EF9-C7F9A84B426F}.Debug|ARM.Build.0 = Debug|Any CPU
		{F6619B8B-DF38-4300-9EF9-C7F9A84B426F}.Debug|ARM64.ActiveCfg = Debug|Any CPU
		{F6619B8B-DF38-4300-9EF9-C7F9A84B426F}.Debug|ARM64.Build.0 = Debug|Any CPU
		{F6619B8B-DF38-4300-9EF9-C7F9A84B426F}.Debug|x64.ActiveCfg = Debug|Any CPU
		{F6619B8B-DF38-4300-9EF9-C7F9A84B426F}.Debug|x64.Build.0 = Debug|Any CPU
		{F6619B8B-DF38-4300-9EF9-C7F9A84B426F}.Debug|x86.ActiveCfg = Debug|Any CPU
		{F6619B8B-DF38-4300-9EF9-C7F9A84B426F}.Debug|x86.Build.0 = Debug|Any CPU
		{F6619B8B-DF38-4300-9EF9-C7F9A84B426F}.Release|Any CPU.ActiveCfg = Release|Any CPU
		{F6619B8B-DF38-4300-9EF9-C7F9A84B426F}.Release|Any CPU.Build.0 = Release|Any CPU
		{F6619B8B-DF38-4300-9EF9-C7F9A84B426F}.Release|ARM.ActiveCfg = Release|Any CPU
		{F6619B8B-DF38-4300-9EF9-C7F9A84B426F}.Release|ARM.Build.0 = Release|Any CPU
		{F6619B8B-DF38-4300-9EF9-C7F9A84B426F}.Release|ARM64.ActiveCfg = Release|Any CPU
		{F6619B8B-DF38-4300-9EF9-C7F9A84B426F}.Release|ARM64.Build.0 = Release|Any CPU
		{F6619B8B-DF38-4300-9EF9-C7F9A84B426F}.Release|x64.ActiveCfg = Release|Any CPU
		{F6619B8B-DF38-4300-9EF9-C7F9A84B426F}.Release|x64.Build.0 = Release|Any CPU
		{F6619B8B-DF38-4300-9EF9-C7F9A84B426F}.Release|x86.ActiveCfg = Release|Any CPU
		{F6619B8B-DF38-4300-9EF9-C7F9A84B426F}.Release|x86.Build.0 = Release|Any CPU
	EndGlobalSection
	GlobalSection(SolutionProperties) = preSolution
		HideSolutionNode = FALSE
	EndGlobalSection
	GlobalSection(ExtensibilityGlobals) = postSolution
		SolutionGuid = {94079978-D490-48BD-8069-F095B27A6654}
	EndGlobalSection
EndGlobal
