
Microsoft Visual Studio Solution File, Format Version 12.00
# Visual Studio Version 17
VisualStudioVersion = 17.2.32616.157
MinimumVisualStudioVersion = 10.0.40219.1
Project("{9A19103F-16F7-4668-BE54-9A1E7A4F7556}") = "Host", "Test\Host\Host.csproj", "{AF8198C2-56B9-4F92-9931-0C4837936F95}"
EndProject
Project("{9A19103F-16F7-4668-BE54-9A1E7A4F7556}") = "ShortDev.Uwp.FullTrust", "ShortDev.Uwp.FullTrust\ShortDev.Uwp.FullTrust.csproj", "{B5454F0B-98B7-4639-BDE4-0A0D1E0F5973}"
EndProject
Project("{8BC9CEB8-8B4A-11D0-8D11-00A0C91BC942}") = "UncloakHelper", "UncloakHelper\UncloakHelper.vcxproj", "{B71ED210-DE3B-4061-B097-75F59261183A}"
EndProject
Project("{2150E333-8FDC-42A3-9474-1A3956D46DE8}") = "Test", "Test", "{3AAF92E0-F9D8-443E-8B35-B6D97154AA0B}"
EndProject
Project("{FAE04EC0-301F-11D3-BF4B-00C04F79EFBC}") = "UwpUI", "Test\UwpUI\UwpUI.csproj", "{41C1474E-C3EA-4909-96AC-0FD7ACAD3938}"
EndProject
Project("{FAE04EC0-301F-11D3-BF4B-00C04F79EFBC}") = "ShortDev.Uwp.Internal", "ShortDev.Uwp.Internal\ShortDev.Uwp.Internal.csproj", "{C7AC5A94-16D6-4A3B-AC9B-08C6DB75847C}"
EndProject
Global
	GlobalSection(SolutionConfigurationPlatforms) = preSolution
		Debug|Any CPU = Debug|Any CPU
		Debug|ARM = Debug|ARM
		Debug|ARM64 = Debug|ARM64
		Debug|x64 = Debug|x64
		Debug|x86 = Debug|x86
		Release|Any CPU = Release|Any CPU
		Release|ARM = Release|ARM
		Release|ARM64 = Release|ARM64
		Release|x64 = Release|x64
		Release|x86 = Release|x86
	EndGlobalSection
	GlobalSection(ProjectConfigurationPlatforms) = postSolution
		{AF8198C2-56B9-4F92-9931-0C4837936F95}.Debug|Any CPU.ActiveCfg = Debug|Any CPU
		{AF8198C2-56B9-4F92-9931-0C4837936F95}.Debug|Any CPU.Build.0 = Debug|Any CPU
		{AF8198C2-56B9-4F92-9931-0C4837936F95}.Debug|ARM.ActiveCfg = Debug|Any CPU
		{AF8198C2-56B9-4F92-9931-0C4837936F95}.Debug|ARM.Build.0 = Debug|Any CPU
		{AF8198C2-56B9-4F92-9931-0C4837936F95}.Debug|ARM64.ActiveCfg = Debug|Any CPU
		{AF8198C2-56B9-4F92-9931-0C4837936F95}.Debug|ARM64.Build.0 = Debug|Any CPU
		{AF8198C2-56B9-4F92-9931-0C4837936F95}.Debug|x64.ActiveCfg = Debug|x64
		{AF8198C2-56B9-4F92-9931-0C4837936F95}.Debug|x64.Build.0 = Debug|x64
		{AF8198C2-56B9-4F92-9931-0C4837936F95}.Debug|x86.ActiveCfg = Debug|x86
		{AF8198C2-56B9-4F92-9931-0C4837936F95}.Debug|x86.Build.0 = Debug|x86
		{AF8198C2-56B9-4F92-9931-0C4837936F95}.Release|Any CPU.ActiveCfg = Release|Any CPU
		{AF8198C2-56B9-4F92-9931-0C4837936F95}.Release|Any CPU.Build.0 = Release|Any CPU
		{AF8198C2-56B9-4F92-9931-0C4837936F95}.Release|ARM.ActiveCfg = Release|Any CPU
		{AF8198C2-56B9-4F92-9931-0C4837936F95}.Release|ARM.Build.0 = Release|Any CPU
		{AF8198C2-56B9-4F92-9931-0C4837936F95}.Release|ARM64.ActiveCfg = Release|Any CPU
		{AF8198C2-56B9-4F92-9931-0C4837936F95}.Release|ARM64.Build.0 = Release|Any CPU
		{AF8198C2-56B9-4F92-9931-0C4837936F95}.Release|x64.ActiveCfg = Release|Any CPU
		{AF8198C2-56B9-4F92-9931-0C4837936F95}.Release|x64.Build.0 = Release|Any CPU
		{AF8198C2-56B9-4F92-9931-0C4837936F95}.Release|x86.ActiveCfg = Release|Any CPU
		{AF8198C2-56B9-4F92-9931-0C4837936F95}.Release|x86.Build.0 = Release|Any CPU
		{B5454F0B-98B7-4639-BDE4-0A0D1E0F5973}.Debug|Any CPU.ActiveCfg = Debug|Any CPU
		{B5454F0B-98B7-4639-BDE4-0A0D1E0F5973}.Debug|Any CPU.Build.0 = Debug|Any CPU
		{B5454F0B-98B7-4639-BDE4-0A0D1E0F5973}.Debug|ARM.ActiveCfg = Debug|Any CPU
		{B5454F0B-98B7-4639-BDE4-0A0D1E0F5973}.Debug|ARM.Build.0 = Debug|Any CPU
		{B5454F0B-98B7-4639-BDE4-0A0D1E0F5973}.Debug|ARM64.ActiveCfg = Debug|Any CPU
		{B5454F0B-98B7-4639-BDE4-0A0D1E0F5973}.Debug|ARM64.Build.0 = Debug|Any CPU
		{B5454F0B-98B7-4639-BDE4-0A0D1E0F5973}.Debug|x64.ActiveCfg = Debug|Any CPU
		{B5454F0B-98B7-4639-BDE4-0A0D1E0F5973}.Debug|x64.Build.0 = Debug|Any CPU
		{B5454F0B-98B7-4639-BDE4-0A0D1E0F5973}.Debug|x86.ActiveCfg = Debug|Any CPU
		{B5454F0B-98B7-4639-BDE4-0A0D1E0F5973}.Debug|x86.Build.0 = Debug|Any CPU
		{B5454F0B-98B7-4639-BDE4-0A0D1E0F5973}.Release|Any CPU.ActiveCfg = Release|Any CPU
		{B5454F0B-98B7-4639-BDE4-0A0D1E0F5973}.Release|Any CPU.Build.0 = Release|Any CPU
		{B5454F0B-98B7-4639-BDE4-0A0D1E0F5973}.Release|ARM.ActiveCfg = Release|Any CPU
		{B5454F0B-98B7-4639-BDE4-0A0D1E0F5973}.Release|ARM.Build.0 = Release|Any CPU
		{B5454F0B-98B7-4639-BDE4-0A0D1E0F5973}.Release|ARM64.ActiveCfg = Release|Any CPU
		{B5454F0B-98B7-4639-BDE4-0A0D1E0F5973}.Release|ARM64.Build.0 = Release|Any CPU
		{B5454F0B-98B7-4639-BDE4-0A0D1E0F5973}.Release|x64.ActiveCfg = Release|Any CPU
		{B5454F0B-98B7-4639-BDE4-0A0D1E0F5973}.Release|x64.Build.0 = Release|Any CPU
		{B5454F0B-98B7-4639-BDE4-0A0D1E0F5973}.Release|x86.ActiveCfg = Release|Any CPU
		{B5454F0B-98B7-4639-BDE4-0A0D1E0F5973}.Release|x86.Build.0 = Release|Any CPU
		{B71ED210-DE3B-4061-B097-75F59261183A}.Debug|Any CPU.ActiveCfg = Debug|Win32
		{B71ED210-DE3B-4061-B097-75F59261183A}.Debug|Any CPU.Build.0 = Debug|Win32
		{B71ED210-DE3B-4061-B097-75F59261183A}.Debug|ARM.ActiveCfg = Debug|Win32
		{B71ED210-DE3B-4061-B097-75F59261183A}.Debug|ARM64.ActiveCfg = Debug|Win32
		{B71ED210-DE3B-4061-B097-75F59261183A}.Debug|x64.ActiveCfg = Debug|x64
		{B71ED210-DE3B-4061-B097-75F59261183A}.Debug|x64.Build.0 = Debug|x64
		{B71ED210-DE3B-4061-B097-75F59261183A}.Debug|x86.ActiveCfg = Debug|Win32
		{B71ED210-DE3B-4061-B097-75F59261183A}.Debug|x86.Build.0 = Debug|Win32
		{B71ED210-DE3B-4061-B097-75F59261183A}.Release|Any CPU.ActiveCfg = Release|Win32
		{B71ED210-DE3B-4061-B097-75F59261183A}.Release|ARM.ActiveCfg = Release|Win32
		{B71ED210-DE3B-4061-B097-75F59261183A}.Release|ARM64.ActiveCfg = Release|Win32
		{B71ED210-DE3B-4061-B097-75F59261183A}.Release|x64.ActiveCfg = Release|x64
		{B71ED210-DE3B-4061-B097-75F59261183A}.Release|x64.Build.0 = Release|x64
		{B71ED210-DE3B-4061-B097-75F59261183A}.Release|x86.ActiveCfg = Release|Win32
		{B71ED210-DE3B-4061-B097-75F59261183A}.Release|x86.Build.0 = Release|Win32
		{41C1474E-C3EA-4909-96AC-0FD7ACAD3938}.Debug|Any CPU.ActiveCfg = Debug|x86
		{41C1474E-C3EA-4909-96AC-0FD7ACAD3938}.Debug|Any CPU.Build.0 = Debug|x86
		{41C1474E-C3EA-4909-96AC-0FD7ACAD3938}.Debug|ARM.ActiveCfg = Debug|ARM
		{41C1474E-C3EA-4909-96AC-0FD7ACAD3938}.Debug|ARM.Build.0 = Debug|ARM
		{41C1474E-C3EA-4909-96AC-0FD7ACAD3938}.Debug|ARM.Deploy.0 = Debug|ARM
		{41C1474E-C3EA-4909-96AC-0FD7ACAD3938}.Debug|ARM64.ActiveCfg = Debug|ARM64
		{41C1474E-C3EA-4909-96AC-0FD7ACAD3938}.Debug|ARM64.Build.0 = Debug|ARM64
		{41C1474E-C3EA-4909-96AC-0FD7ACAD3938}.Debug|ARM64.Deploy.0 = Debug|ARM64
		{41C1474E-C3EA-4909-96AC-0FD7ACAD3938}.Debug|x64.ActiveCfg = Debug|x64
		{41C1474E-C3EA-4909-96AC-0FD7ACAD3938}.Debug|x64.Build.0 = Debug|x64
		{41C1474E-C3EA-4909-96AC-0FD7ACAD3938}.Debug|x86.ActiveCfg = Debug|x86
		{41C1474E-C3EA-4909-96AC-0FD7ACAD3938}.Debug|x86.Build.0 = Debug|x86
		{41C1474E-C3EA-4909-96AC-0FD7ACAD3938}.Release|Any CPU.ActiveCfg = Release|x86
		{41C1474E-C3EA-4909-96AC-0FD7ACAD3938}.Release|ARM.ActiveCfg = Release|ARM
		{41C1474E-C3EA-4909-96AC-0FD7ACAD3938}.Release|ARM.Build.0 = Release|ARM
		{41C1474E-C3EA-4909-96AC-0FD7ACAD3938}.Release|ARM.Deploy.0 = Release|ARM
		{41C1474E-C3EA-4909-96AC-0FD7ACAD3938}.Release|ARM64.ActiveCfg = Release|ARM64
		{41C1474E-C3EA-4909-96AC-0FD7ACAD3938}.Release|ARM64.Build.0 = Release|ARM64
		{41C1474E-C3EA-4909-96AC-0FD7ACAD3938}.Release|ARM64.Deploy.0 = Release|ARM64
		{41C1474E-C3EA-4909-96AC-0FD7ACAD3938}.Release|x64.ActiveCfg = Release|x64
		{41C1474E-C3EA-4909-96AC-0FD7ACAD3938}.Release|x64.Build.0 = Release|x64
		{41C1474E-C3EA-4909-96AC-0FD7ACAD3938}.Release|x64.Deploy.0 = Release|x64
		{41C1474E-C3EA-4909-96AC-0FD7ACAD3938}.Release|x86.ActiveCfg = Release|x86
		{41C1474E-C3EA-4909-96AC-0FD7ACAD3938}.Release|x86.Build.0 = Release|x86
		{41C1474E-C3EA-4909-96AC-0FD7ACAD3938}.Release|x86.Deploy.0 = Release|x86
		{C7AC5A94-16D6-4A3B-AC9B-08C6DB75847C}.Debug|Any CPU.ActiveCfg = Debug|Any CPU
		{C7AC5A94-16D6-4A3B-AC9B-08C6DB75847C}.Debug|Any CPU.Build.0 = Debug|Any CPU
		{C7AC5A94-16D6-4A3B-AC9B-08C6DB75847C}.Debug|ARM.ActiveCfg = Debug|Any CPU
		{C7AC5A94-16D6-4A3B-AC9B-08C6DB75847C}.Debug|ARM.Build.0 = Debug|Any CPU
		{C7AC5A94-16D6-4A3B-AC9B-08C6DB75847C}.Debug|ARM64.ActiveCfg = Debug|Any CPU
		{C7AC5A94-16D6-4A3B-AC9B-08C6DB75847C}.Debug|ARM64.Build.0 = Debug|Any CPU
		{C7AC5A94-16D6-4A3B-AC9B-08C6DB75847C}.Debug|x64.ActiveCfg = Debug|Any CPU
		{C7AC5A94-16D6-4A3B-AC9B-08C6DB75847C}.Debug|x64.Build.0 = Debug|Any CPU
		{C7AC5A94-16D6-4A3B-AC9B-08C6DB75847C}.Debug|x86.ActiveCfg = Debug|Any CPU
		{C7AC5A94-16D6-4A3B-AC9B-08C6DB75847C}.Debug|x86.Build.0 = Debug|Any CPU
		{C7AC5A94-16D6-4A3B-AC9B-08C6DB75847C}.Release|Any CPU.ActiveCfg = Release|Any CPU
		{C7AC5A94-16D6-4A3B-AC9B-08C6DB75847C}.Release|Any CPU.Build.0 = Release|Any CPU
		{C7AC5A94-16D6-4A3B-AC9B-08C6DB75847C}.Release|ARM.ActiveCfg = Release|Any CPU
		{C7AC5A94-16D6-4A3B-AC9B-08C6DB75847C}.Release|ARM.Build.0 = Release|Any CPU
		{C7AC5A94-16D6-4A3B-AC9B-08C6DB75847C}.Release|ARM64.ActiveCfg = Release|Any CPU
		{C7AC5A94-16D6-4A3B-AC9B-08C6DB75847C}.Release|ARM64.Build.0 = Release|Any CPU
		{C7AC5A94-16D6-4A3B-AC9B-08C6DB75847C}.Release|x64.ActiveCfg = Release|Any CPU
		{C7AC5A94-16D6-4A3B-AC9B-08C6DB75847C}.Release|x64.Build.0 = Release|Any CPU
		{C7AC5A94-16D6-4A3B-AC9B-08C6DB75847C}.Release|x86.ActiveCfg = Release|Any CPU
		{C7AC5A94-16D6-4A3B-AC9B-08C6DB75847C}.Release|x86.Build.0 = Release|Any CPU
	EndGlobalSection
	GlobalSection(SolutionProperties) = preSolution
		HideSolutionNode = FALSE
	EndGlobalSection
	GlobalSection(NestedProjects) = preSolution
		{AF8198C2-56B9-4F92-9931-0C4837936F95} = {3AAF92E0-F9D8-443E-8B35-B6D97154AA0B}
		{41C1474E-C3EA-4909-96AC-0FD7ACAD3938} = {3AAF92E0-F9D8-443E-8B35-B6D97154AA0B}
	EndGlobalSection
	GlobalSection(ExtensibilityGlobals) = postSolution
		SolutionGuid = {94079978-D490-48BD-8069-F095B27A6654}
	EndGlobalSection
EndGlobal
